// !$*UTF8*$!
{
	archiveVersion = 1;
	classes = {
	};
	objectVersion = 46;
	objects = {

/* Begin PBXBuildFile section */
		E49804C21BF07248003D5539 /* AppDelegate.swift in Sources */ = {isa = PBXBuildFile; fileRef = E49804C11BF07248003D5539 /* AppDelegate.swift */; };
		E49804C41BF07248003D5539 /* ViewController.swift in Sources */ = {isa = PBXBuildFile; fileRef = E49804C31BF07248003D5539 /* ViewController.swift */; };
		E49804C71BF07248003D5539 /* Main.storyboard in Resources */ = {isa = PBXBuildFile; fileRef = E49804C51BF07248003D5539 /* Main.storyboard */; };
		E49804C91BF07248003D5539 /* Assets.xcassets in Resources */ = {isa = PBXBuildFile; fileRef = E49804C81BF07248003D5539 /* Assets.xcassets */; };
		E49804CC1BF07248003D5539 /* LaunchScreen.storyboard in Resources */ = {isa = PBXBuildFile; fileRef = E49804CA1BF07248003D5539 /* LaunchScreen.storyboard */; };
		E49804D71BF07248003D5539 /* SwiftRedisTests.swift in Sources */ = {isa = PBXBuildFile; fileRef = E49804D61BF07248003D5539 /* SwiftRedisTests.swift */; };
		E49804E81BF0727D003D5539 /* RedisBuffer.swift in Sources */ = {isa = PBXBuildFile; fileRef = E49804E11BF0727D003D5539 /* RedisBuffer.swift */; };
		E49804E91BF0727D003D5539 /* RedisCommand.swift in Sources */ = {isa = PBXBuildFile; fileRef = E49804E21BF0727D003D5539 /* RedisCommand.swift */; };
		E49804EA1BF0727D003D5539 /* RedisConnection.swift in Sources */ = {isa = PBXBuildFile; fileRef = E49804E31BF0727D003D5539 /* RedisConnection.swift */; };
		E49804EB1BF0727D003D5539 /* RedisInterface.swift in Sources */ = {isa = PBXBuildFile; fileRef = E49804E41BF0727D003D5539 /* RedisInterface.swift */; };
		E49804EC1BF0727D003D5539 /* RedisResponse.swift in Sources */ = {isa = PBXBuildFile; fileRef = E49804E51BF0727D003D5539 /* RedisResponse.swift */; };
		E49804ED1BF0727D003D5539 /* RedisResponseParser.swift in Sources */ = {isa = PBXBuildFile; fileRef = E49804E61BF0727D003D5539 /* RedisResponseParser.swift */; };
		E49804F01BF072EB003D5539 /* ConnectionParams.swift in Sources */ = {isa = PBXBuildFile; fileRef = E49804EF1BF072EB003D5539 /* ConnectionParams.swift */; };
/* End PBXBuildFile section */

/* Begin PBXContainerItemProxy section */
		E49804D31BF07248003D5539 /* PBXContainerItemProxy */ = {
			isa = PBXContainerItemProxy;
			containerPortal = E49804B61BF07248003D5539 /* Project object */;
			proxyType = 1;
			remoteGlobalIDString = E49804BD1BF07248003D5539;
			remoteInfo = SwiftRedis;
		};
/* End PBXContainerItemProxy section */

/* Begin PBXFileReference section */
		E49804BE1BF07248003D5539 /* SwiftRedis.app */ = {isa = PBXFileReference; explicitFileType = wrapper.application; includeInIndex = 0; path = SwiftRedis.app; sourceTree = BUILT_PRODUCTS_DIR; };
		E49804C11BF07248003D5539 /* AppDelegate.swift */ = {isa = PBXFileReference; lastKnownFileType = sourcecode.swift; path = AppDelegate.swift; sourceTree = "<group>"; };
		E49804C31BF07248003D5539 /* ViewController.swift */ = {isa = PBXFileReference; lastKnownFileType = sourcecode.swift; path = ViewController.swift; sourceTree = "<group>"; };
		E49804C61BF07248003D5539 /* Base */ = {isa = PBXFileReference; lastKnownFileType = file.storyboard; name = Base; path = Base.lproj/Main.storyboard; sourceTree = "<group>"; };
		E49804C81BF07248003D5539 /* Assets.xcassets */ = {isa = PBXFileReference; lastKnownFileType = folder.assetcatalog; path = Assets.xcassets; sourceTree = "<group>"; };
		E49804CB1BF07248003D5539 /* Base */ = {isa = PBXFileReference; lastKnownFileType = file.storyboard; name = Base; path = Base.lproj/LaunchScreen.storyboard; sourceTree = "<group>"; };
		E49804CD1BF07248003D5539 /* Info.plist */ = {isa = PBXFileReference; lastKnownFileType = text.plist.xml; path = Info.plist; sourceTree = "<group>"; };
		E49804D21BF07248003D5539 /* SwiftRedisTests.xctest */ = {isa = PBXFileReference; explicitFileType = wrapper.cfbundle; includeInIndex = 0; path = SwiftRedisTests.xctest; sourceTree = BUILT_PRODUCTS_DIR; };
		E49804D61BF07248003D5539 /* SwiftRedisTests.swift */ = {isa = PBXFileReference; lastKnownFileType = sourcecode.swift; path = SwiftRedisTests.swift; sourceTree = "<group>"; };
		E49804D81BF07248003D5539 /* Info.plist */ = {isa = PBXFileReference; lastKnownFileType = text.plist.xml; path = Info.plist; sourceTree = "<group>"; };
		E49804E11BF0727D003D5539 /* RedisBuffer.swift */ = {isa = PBXFileReference; fileEncoding = 4; lastKnownFileType = sourcecode.swift; path = RedisBuffer.swift; sourceTree = "<group>"; };
		E49804E21BF0727D003D5539 /* RedisCommand.swift */ = {isa = PBXFileReference; fileEncoding = 4; lastKnownFileType = sourcecode.swift; path = RedisCommand.swift; sourceTree = "<group>"; };
		E49804E31BF0727D003D5539 /* RedisConnection.swift */ = {isa = PBXFileReference; fileEncoding = 4; lastKnownFileType = sourcecode.swift; path = RedisConnection.swift; sourceTree = "<group>"; };
		E49804E41BF0727D003D5539 /* RedisInterface.swift */ = {isa = PBXFileReference; fileEncoding = 4; lastKnownFileType = sourcecode.swift; path = RedisInterface.swift; sourceTree = "<group>"; };
		E49804E51BF0727D003D5539 /* RedisResponse.swift */ = {isa = PBXFileReference; fileEncoding = 4; lastKnownFileType = sourcecode.swift; path = RedisResponse.swift; sourceTree = "<group>"; };
		E49804E61BF0727D003D5539 /* RedisResponseParser.swift */ = {isa = PBXFileReference; fileEncoding = 4; lastKnownFileType = sourcecode.swift; path = RedisResponseParser.swift; sourceTree = "<group>"; };
		E49804EF1BF072EB003D5539 /* ConnectionParams.swift */ = {isa = PBXFileReference; fileEncoding = 4; lastKnownFileType = sourcecode.swift; path = ConnectionParams.swift; sourceTree = "<group>"; };
/* End PBXFileReference section */

/* Begin PBXFrameworksBuildPhase section */
		E49804BB1BF07248003D5539 /* Frameworks */ = {
			isa = PBXFrameworksBuildPhase;
			buildActionMask = 2147483647;
			files = (
			);
			runOnlyForDeploymentPostprocessing = 0;
		};
		E49804CF1BF07248003D5539 /* Frameworks */ = {
			isa = PBXFrameworksBuildPhase;
			buildActionMask = 2147483647;
			files = (
			);
			runOnlyForDeploymentPostprocessing = 0;
		};
/* End PBXFrameworksBuildPhase section */

/* Begin PBXGroup section */
		E49804B51BF07248003D5539 = {
			isa = PBXGroup;
			children = (
				E49804C01BF07248003D5539 /* SwiftRedis */,
				E49804D51BF07248003D5539 /* SwiftRedisTests */,
				E49804BF1BF07248003D5539 /* Products */,
			);
			sourceTree = "<group>";
		};
		E49804BF1BF07248003D5539 /* Products */ = {
			isa = PBXGroup;
			children = (
				E49804BE1BF07248003D5539 /* SwiftRedis.app */,
				E49804D21BF07248003D5539 /* SwiftRedisTests.xctest */,
			);
			name = Products;
			sourceTree = "<group>";
		};
		E49804C01BF07248003D5539 /* SwiftRedis */ = {
			isa = PBXGroup;
			children = (
				E49804E11BF0727D003D5539 /* RedisBuffer.swift */,
				E49804E21BF0727D003D5539 /* RedisCommand.swift */,
				E49804E31BF0727D003D5539 /* RedisConnection.swift */,
				E49804E41BF0727D003D5539 /* RedisInterface.swift */,
				E49804E51BF0727D003D5539 /* RedisResponse.swift */,
				E49804E61BF0727D003D5539 /* RedisResponseParser.swift */,
				E49804C11BF07248003D5539 /* AppDelegate.swift */,
				E49804C31BF07248003D5539 /* ViewController.swift */,
				E49804C51BF07248003D5539 /* Main.storyboard */,
				E49804C81BF07248003D5539 /* Assets.xcassets */,
				E49804CA1BF07248003D5539 /* LaunchScreen.storyboard */,
				E49804CD1BF07248003D5539 /* Info.plist */,
			);
			path = SwiftRedis;
			sourceTree = "<group>";
		};
		E49804D51BF07248003D5539 /* SwiftRedisTests */ = {
			isa = PBXGroup;
			children = (
				E49804D61BF07248003D5539 /* SwiftRedisTests.swift */,
				E49804EF1BF072EB003D5539 /* ConnectionParams.swift */,
				E49804D81BF07248003D5539 /* Info.plist */,
			);
			path = SwiftRedisTests;
			sourceTree = "<group>";
		};
/* End PBXGroup section */

/* Begin PBXNativeTarget section */
		E49804BD1BF07248003D5539 /* SwiftRedis */ = {
			isa = PBXNativeTarget;
			buildConfigurationList = E49804DB1BF07248003D5539 /* Build configuration list for PBXNativeTarget "SwiftRedis" */;
			buildPhases = (
				E49804BA1BF07248003D5539 /* Sources */,
				E49804BB1BF07248003D5539 /* Frameworks */,
				E49804BC1BF07248003D5539 /* Resources */,
			);
			buildRules = (
			);
			dependencies = (
			);
			name = SwiftRedis;
			productName = SwiftRedis;
			productReference = E49804BE1BF07248003D5539 /* SwiftRedis.app */;
			productType = "com.apple.product-type.application";
		};
		E49804D11BF07248003D5539 /* SwiftRedisTests */ = {
			isa = PBXNativeTarget;
			buildConfigurationList = E49804DE1BF07248003D5539 /* Build configuration list for PBXNativeTarget "SwiftRedisTests" */;
			buildPhases = (
				E49804CE1BF07248003D5539 /* Sources */,
				E49804CF1BF07248003D5539 /* Frameworks */,
				E49804D01BF07248003D5539 /* Resources */,
			);
			buildRules = (
			);
			dependencies = (
				E49804D41BF07248003D5539 /* PBXTargetDependency */,
			);
			name = SwiftRedisTests;
			productName = SwiftRedisTests;
			productReference = E49804D21BF07248003D5539 /* SwiftRedisTests.xctest */;
			productType = "com.apple.product-type.bundle.unit-test";
		};
/* End PBXNativeTarget section */

/* Begin PBXProject section */
		E49804B61BF07248003D5539 /* Project object */ = {
			isa = PBXProject;
			attributes = {
				LastSwiftUpdateCheck = 0710;
				LastUpgradeCheck = 0710;
				ORGANIZATIONNAME = "Ron Perry";
				TargetAttributes = {
					E49804BD1BF07248003D5539 = {
						CreatedOnToolsVersion = 7.1;
						DevelopmentTeam = 4TRCE5W7BE;
					};
					E49804D11BF07248003D5539 = {
						CreatedOnToolsVersion = 7.1;
						DevelopmentTeam = 4TRCE5W7BE;
						TestTargetID = E49804BD1BF07248003D5539;
					};
				};
			};
			buildConfigurationList = E49804B91BF07248003D5539 /* Build configuration list for PBXProject "SwiftRedis" */;
			compatibilityVersion = "Xcode 3.2";
			developmentRegion = English;
			hasScannedForEncodings = 0;
			knownRegions = (
				en,
				Base,
			);
			mainGroup = E49804B51BF07248003D5539;
			productRefGroup = E49804BF1BF07248003D5539 /* Products */;
			projectDirPath = "";
			projectRoot = "";
			targets = (
				E49804BD1BF07248003D5539 /* SwiftRedis */,
				E49804D11BF07248003D5539 /* SwiftRedisTests */,
			);
		};
/* End PBXProject section */

/* Begin PBXResourcesBuildPhase section */
		E49804BC1BF07248003D5539 /* Resources */ = {
			isa = PBXResourcesBuildPhase;
			buildActionMask = 2147483647;
			files = (
				E49804CC1BF07248003D5539 /* LaunchScreen.storyboard in Resources */,
				E49804C91BF07248003D5539 /* Assets.xcassets in Resources */,
				E49804C71BF07248003D5539 /* Main.storyboard in Resources */,
			);
			runOnlyForDeploymentPostprocessing = 0;
		};
		E49804D01BF07248003D5539 /* Resources */ = {
			isa = PBXResourcesBuildPhase;
			buildActionMask = 2147483647;
			files = (
			);
			runOnlyForDeploymentPostprocessing = 0;
		};
/* End PBXResourcesBuildPhase section */

/* Begin PBXSourcesBuildPhase section */
		E49804BA1BF07248003D5539 /* Sources */ = {
			isa = PBXSourcesBuildPhase;
			buildActionMask = 2147483647;
			files = (
				E49804C41BF07248003D5539 /* ViewController.swift in Sources */,
				E49804C21BF07248003D5539 /* AppDelegate.swift in Sources */,
				E49804E81BF0727D003D5539 /* RedisBuffer.swift in Sources */,
				E49804EC1BF0727D003D5539 /* RedisResponse.swift in Sources */,
				E49804EA1BF0727D003D5539 /* RedisConnection.swift in Sources */,
				E49804E91BF0727D003D5539 /* RedisCommand.swift in Sources */,
				E49804EB1BF0727D003D5539 /* RedisInterface.swift in Sources */,
				E49804ED1BF0727D003D5539 /* RedisResponseParser.swift in Sources */,
			);
			runOnlyForDeploymentPostprocessing = 0;
		};
		E49804CE1BF07248003D5539 /* Sources */ = {
			isa = PBXSourcesBuildPhase;
			buildActionMask = 2147483647;
			files = (
				E49804D71BF07248003D5539 /* SwiftRedisTests.swift in Sources */,
				E49804F01BF072EB003D5539 /* ConnectionParams.swift in Sources */,
			);
			runOnlyForDeploymentPostprocessing = 0;
		};
/* End PBXSourcesBuildPhase section */

/* Begin PBXTargetDependency section */
		E49804D41BF07248003D5539 /* PBXTargetDependency */ = {
			isa = PBXTargetDependency;
			target = E49804BD1BF07248003D5539 /* SwiftRedis */;
			targetProxy = E49804D31BF07248003D5539 /* PBXContainerItemProxy */;
		};
/* End PBXTargetDependency section */

/* Begin PBXVariantGroup section */
		E49804C51BF07248003D5539 /* Main.storyboard */ = {
			isa = PBXVariantGroup;
			children = (
				E49804C61BF07248003D5539 /* Base */,
			);
			name = Main.storyboard;
			sourceTree = "<group>";
		};
		E49804CA1BF07248003D5539 /* LaunchScreen.storyboard */ = {
			isa = PBXVariantGroup;
			children = (
				E49804CB1BF07248003D5539 /* Base */,
			);
			name = LaunchScreen.storyboard;
			sourceTree = "<group>";
		};
/* End PBXVariantGroup section */

/* Begin XCBuildConfiguration section */
		E49804D91BF07248003D5539 /* Debug */ = {
			isa = XCBuildConfiguration;
			buildSettings = {
				ALWAYS_SEARCH_USER_PATHS = NO;
				CLANG_CXX_LANGUAGE_STANDARD = "gnu++0x";
				CLANG_CXX_LIBRARY = "libc++";
				CLANG_ENABLE_MODULES = YES;
				CLANG_ENABLE_OBJC_ARC = YES;
				CLANG_WARN_BOOL_CONVERSION = YES;
				CLANG_WARN_CONSTANT_CONVERSION = YES;
				CLANG_WARN_DIRECT_OBJC_ISA_USAGE = YES_ERROR;
				CLANG_WARN_EMPTY_BODY = YES;
				CLANG_WARN_ENUM_CONVERSION = YES;
				CLANG_WARN_INT_CONVERSION = YES;
				CLANG_WARN_OBJC_ROOT_CLASS = YES_ERROR;
				CLANG_WARN_UNREACHABLE_CODE = YES;
				CLANG_WARN__DUPLICATE_METHOD_MATCH = YES;
				"CODE_SIGN_IDENTITY[sdk=iphoneos*]" = "iPhone Developer";
				COPY_PHASE_STRIP = NO;
				DEBUG_INFORMATION_FORMAT = dwarf;
				ENABLE_STRICT_OBJC_MSGSEND = YES;
				ENABLE_TESTABILITY = YES;
				GCC_C_LANGUAGE_STANDARD = gnu99;
				GCC_DYNAMIC_NO_PIC = NO;
				GCC_NO_COMMON_BLOCKS = YES;
				GCC_OPTIMIZATION_LEVEL = 0;
				GCC_PREPROCESSOR_DEFINITIONS = (
					"DEBUG=1",
					"$(inherited)",
				);
				GCC_WARN_64_TO_32_BIT_CONVERSION = YES;
				GCC_WARN_ABOUT_RETURN_TYPE = YES_ERROR;
				GCC_WARN_UNDECLARED_SELECTOR = YES;
				GCC_WARN_UNINITIALIZED_AUTOS = YES_AGGRESSIVE;
				GCC_WARN_UNUSED_FUNCTION = YES;
				GCC_WARN_UNUSED_VARIABLE = YES;
				IPHONEOS_DEPLOYMENT_TARGET = 9.1;
				MTL_ENABLE_DEBUG_INFO = YES;
				ONLY_ACTIVE_ARCH = YES;
				SDKROOT = iphoneos;
				SWIFT_OPTIMIZATION_LEVEL = "-Onone";
				TARGETED_DEVICE_FAMILY = "1,2";
			};
			name = Debug;
		};
		E49804DA1BF07248003D5539 /* Release */ = {
			isa = XCBuildConfiguration;
			buildSettings = {
				ALWAYS_SEARCH_USER_PATHS = NO;
				CLANG_CXX_LANGUAGE_STANDARD = "gnu++0x";
				CLANG_CXX_LIBRARY = "libc++";
				CLANG_ENABLE_MODULES = YES;
				CLANG_ENABLE_OBJC_ARC = YES;
				CLANG_WARN_BOOL_CONVERSION = YES;
				CLANG_WARN_CONSTANT_CONVERSION = YES;
				CLANG_WARN_DIRECT_OBJC_ISA_USAGE = YES_ERROR;
				CLANG_WARN_EMPTY_BODY = YES;
				CLANG_WARN_ENUM_CONVERSION = YES;
				CLANG_WARN_INT_CONVERSION = YES;
				CLANG_WARN_OBJC_ROOT_CLASS = YES_ERROR;
				CLANG_WARN_UNREACHABLE_CODE = YES;
				CLANG_WARN__DUPLICATE_METHOD_MATCH = YES;
				"CODE_SIGN_IDENTITY[sdk=iphoneos*]" = "iPhone Developer";
				COPY_PHASE_STRIP = NO;
				DEBUG_INFORMATION_FORMAT = "dwarf-with-dsym";
				ENABLE_NS_ASSERTIONS = NO;
				ENABLE_STRICT_OBJC_MSGSEND = YES;
				GCC_C_LANGUAGE_STANDARD = gnu99;
				GCC_NO_COMMON_BLOCKS = YES;
				GCC_WARN_64_TO_32_BIT_CONVERSION = YES;
				GCC_WARN_ABOUT_RETURN_TYPE = YES_ERROR;
				GCC_WARN_UNDECLARED_SELECTOR = YES;
				GCC_WARN_UNINITIALIZED_AUTOS = YES_AGGRESSIVE;
				GCC_WARN_UNUSED_FUNCTION = YES;
				GCC_WARN_UNUSED_VARIABLE = YES;
				IPHONEOS_DEPLOYMENT_TARGET = 9.1;
				MTL_ENABLE_DEBUG_INFO = NO;
				SDKROOT = iphoneos;
				TARGETED_DEVICE_FAMILY = "1,2";
				VALIDATE_PRODUCT = YES;
			};
			name = Release;
		};
		E49804DC1BF07248003D5539 /* Debug */ = {
			isa = XCBuildConfiguration;
			buildSettings = {
				ASSETCATALOG_COMPILER_APPICON_NAME = AppIcon;
				INFOPLIST_FILE = SwiftRedis/Info.plist;
				LD_RUNPATH_SEARCH_PATHS = "$(inherited) @executable_path/Frameworks";
				PRODUCT_BUNDLE_IDENTIFIER = ronp001.SwiftRedis;
				PRODUCT_NAME = "$(TARGET_NAME)";
			};
			name = Debug;
		};
		E49804DD1BF07248003D5539 /* Release */ = {
			isa = XCBuildConfiguration;
			buildSettings = {
				ASSETCATALOG_COMPILER_APPICON_NAME = AppIcon;
				INFOPLIST_FILE = SwiftRedis/Info.plist;
				LD_RUNPATH_SEARCH_PATHS = "$(inherited) @executable_path/Frameworks";
				PRODUCT_BUNDLE_IDENTIFIER = ronp001.SwiftRedis;
				PRODUCT_NAME = "$(TARGET_NAME)";
			};
			name = Release;
		};
		E49804DF1BF07248003D5539 /* Debug */ = {
			isa = XCBuildConfiguration;
			buildSettings = {
				BUNDLE_LOADER = "$(TEST_HOST)";
				INFOPLIST_FILE = SwiftRedisTests/Info.plist;
				LD_RUNPATH_SEARCH_PATHS = "$(inherited) @executable_path/Frameworks @loader_path/Frameworks";
				PRODUCT_BUNDLE_IDENTIFIER = ronp001.SwiftRedisTests;
				PRODUCT_NAME = "$(TARGET_NAME)";
				TEST_HOST = "$(BUILT_PRODUCTS_DIR)/SwiftRedis.app/SwiftRedis";
			};
			name = Debug;
		};
		E49804E01BF07248003D5539 /* Release */ = {
			isa = XCBuildConfiguration;
			buildSettings = {
				BUNDLE_LOADER = "$(TEST_HOST)";
				INFOPLIST_FILE = SwiftRedisTests/Info.plist;
				LD_RUNPATH_SEARCH_PATHS = "$(inherited) @executable_path/Frameworks @loader_path/Frameworks";
				PRODUCT_BUNDLE_IDENTIFIER = ronp001.SwiftRedisTests;
				PRODUCT_NAME = "$(TARGET_NAME)";
				TEST_HOST = "$(BUILT_PRODUCTS_DIR)/SwiftRedis.app/SwiftRedis";
			};
			name = Release;
		};
/* End XCBuildConfiguration section */

/* Begin XCConfigurationList section */
		E49804B91BF07248003D5539 /* Build configuration list for PBXProject "SwiftRedis" */ = {
			isa = XCConfigurationList;
			buildConfigurations = (
				E49804D91BF07248003D5539 /* Debug */,
				E49804DA1BF07248003D5539 /* Release */,
			);
			defaultConfigurationIsVisible = 0;
			defaultConfigurationName = Release;
		};
		E49804DB1BF07248003D5539 /* Build configuration list for PBXNativeTarget "SwiftRedis" */ = {
			isa = XCConfigurationList;
			buildConfigurations = (
				E49804DC1BF07248003D5539 /* Debug */,
				E49804DD1BF07248003D5539 /* Release */,
			);
			defaultConfigurationIsVisible = 0;
		};
		E49804DE1BF07248003D5539 /* Build configuration list for PBXNativeTarget "SwiftRedisTests" */ = {
			isa = XCConfigurationList;
			buildConfigurations = (
				E49804DF1BF07248003D5539 /* Debug */,
				E49804E01BF07248003D5539 /* Release */,
			);
			defaultConfigurationIsVisible = 0;
		};
/* End XCConfigurationList section */
	};
	rootObject = E49804B61BF07248003D5539 /* Project object */;
}
